<?xml version="1.0" encoding="utf-8"?>
<Project ToolsVersion="4.0" xmlns="http://schemas.microsoft.com/developer/msbuild/2003">
  <ItemGroup>
    <Filter Include="Common">
      <UniqueIdentifier>851cf26f-e3a3-4d42-85b1-2308098cade7</UniqueIdentifier>
    </Filter>
    <Filter Include="Assets">
      <UniqueIdentifier>aacc2fb7-4917-42a1-a5a4-760fbbf968ae</UniqueIdentifier>
      <Extensions>bmp;fbx;gif;jpg;jpeg;tga;tiff;tif;png</Extensions>
    </Filter>
    <Filter Include="Content">
      <UniqueIdentifier>e512e813-afda-47db-9a56-dd361a0d8bc7</UniqueIdentifier>
    </Filter>
    <ClInclude Include="Common\DirectXHelper.h">
      <Filter>Common</Filter>
    </ClInclude>
    <ClInclude Include="Common\StepTimer.h">
      <Filter>Common</Filter>
    </ClInclude>
    <ClInclude Include="Common\DeviceResources.h">
      <Filter>Common</Filter>
    </ClInclude>
    <ClCompile Include="Common\DeviceResources.cpp">
      <Filter>Common</Filter>
    </ClCompile>
    <ClInclude Include="Content\ShaderStructures.h">
      <Filter>Content</Filter>
    </ClInclude>
    <Image Include="Assets\Logo.png">
      <Filter>Assets</Filter>
    </Image>
    <Image Include="Assets\SmallLogo.png">
      <Filter>Assets</Filter>
    </Image>
    <Image Include="Assets\StoreLogo.png">
      <Filter>Assets</Filter>
    </Image>
    <Image Include="Assets\SplashScreen.png">
      <Filter>Assets</Filter>
    </Image>
    <Filter Include="DDSTextureLoader">
      <UniqueIdentifier>{a362f376-8732-4f78-a24c-df686e3c826f}</UniqueIdentifier>
    </Filter>
  </ItemGroup>
  <ItemGroup>
    <ClCompile Include="App.cpp" />
    <ClCompile Include="CopterMain.cpp" />
    <ClCompile Include="pch.cpp" />
    <ClCompile Include="Content\Renderer.cpp">
      <Filter>Content</Filter>
    </ClCompile>
    <ClCompile Include="DDSTextureLoader\DDSTextureLoader.cpp">
      <Filter>DDSTextureLoader</Filter>
    </ClCompile>
    <ClCompile Include="Game.cpp" />
    <ClCompile Include="Game2d.cpp" />
    <ClCompile Include="GameCubes3d.cpp" />
    <ClCompile Include="misc.cpp" />
    <ClCompile Include="Content\AudioManager.cpp">
      <Filter>Content</Filter>
    </ClCompile>
  </ItemGroup>
  <ItemGroup>
    <ClInclude Include="App.h" />
    <ClInclude Include="CopterMain.h" />
    <ClInclude Include="pch.h" />
    <ClInclude Include="Content\Renderer.h">
      <Filter>Content</Filter>
    </ClInclude>
    <ClInclude Include="DDSTextureLoader\DDSTextureLoader.h">
      <Filter>DDSTextureLoader</Filter>
    </ClInclude>
    <ClInclude Include="Game.h" />
    <ClInclude Include="misc.h" />
    <ClInclude Include="Content\AudioManager.h">
      <Filter>Content</Filter>
    </ClInclude>
  </ItemGroup>
  <ItemGroup>
    <AppxManifest Include="Package.appxmanifest" />
  </ItemGroup>
  <ItemGroup>
    <None Include="Copter_TemporaryKey.pfx" />
    <None Include="Assets\copter.dat">
      <Filter>Assets</Filter>
    </None>
    <None Include="Assets\tail.dat">
      <Filter>Assets</Filter>
    </None>
    <None Include="Assets\top.dat">
      <Filter>Assets</Filter>
    </None>
  </ItemGroup>
  <ItemGroup>
    <ImageContentTask Include="Assets\block2.png">
      <Filter>Assets</Filter>
    </ImageContentTask>
    <ImageContentTask Include="Assets\block3.png">
      <Filter>Assets</Filter>
    </ImageContentTask>
    <ImageContentTask Include="Assets\block4.png">
      <Filter>Assets</Filter>
    </ImageContentTask>
    <ImageContentTask Include="Assets\color1.png">
      <Filter>Assets</Filter>
    </ImageContentTask>
    <ImageContentTask Include="Assets\copter.png">
      <Filter>Assets</Filter>
    </ImageContentTask>
    <ImageContentTask Include="Assets\diaganalmetal.jpg">
      <Filter>Assets</Filter>
    </ImageContentTask>
    <ImageContentTask Include="Assets\gunpanel.jpg">
      <Filter>Assets</Filter>
    </ImageContentTask>
    <ImageContentTask Include="Assets\explosion.png">
      <Filter>Assets</Filter>
    </ImageContentTask>
    <ImageContentTask Include="Assets\lead.bmp">
      <Filter>Assets</Filter>
    </ImageContentTask>
    <ImageContentTask Include="Assets\block1.png">
      <Filter>Assets</Filter>
    </ImageContentTask>
    <ImageContentTask Include="Assets\blackwindow.jpg">
      <Filter>Assets</Filter>
    </ImageContentTask>
    <ImageContentTask Include="Assets\bar.png">
      <Filter>Assets</Filter>
    </ImageContentTask>
    <ImageContentTask Include="Assets\white.bmp">
      <Filter>Assets</Filter>
    </ImageContentTask>
    <ImageContentTask Include="Assets\button.png">
      <Filter>Assets</Filter>
    </ImageContentTask>
    <ImageContentTask Include="Assets\menu.png">
      <Filter>Assets</Filter>
    </ImageContentTask>
    <ImageContentTask Include="Assets\instruction2d.png">
      <Filter>Assets</Filter>
    </ImageContentTask>
    <ImageContentTask Include="Assets\instruction3d.png">
      <Filter>Assets</Filter>
    </ImageContentTask>
    <ImageContentTask Include="Assets\cube_texture.jpg">
      <Filter>Assets</Filter>
    </ImageContentTask>
  </ItemGroup>
  <ItemGroup>
    <FxCompile Include="Content\BasicVertexShader.hlsl">
      <Filter>Content</Filter>
    </FxCompile>
    <FxCompile Include="Content\SpritePixelShader.hlsl">
      <Filter>Content</Filter>
    </FxCompile>
    <FxCompile Include="Content\SpriteVertexShader.hlsl">
      <Filter>Content</Filter>
    </FxCompile>
    <FxCompile Include="Content\BasicPixelShader.hlsl">
      <Filter>Content</Filter>
    </FxCompile>
  </ItemGroup>
  <ItemGroup>
    <Media Include="Assets\copter.wav">
      <Filter>Assets</Filter>
    </Media>
    <Media Include="Assets\explosion.wav">
      <Filter>Assets</Filter>
    </Media>
  </ItemGroup>
</Project>